
Microsoft Visual Studio Solution File, Format Version 12.00
# Visual Studio Version 17
VisualStudioVersion = 17.14.36518.9 d17.14
MinimumVisualStudioVersion = 10.0.40219.1
Project("{FAE04EC0-301F-11D3-BF4B-00C04F79EFBC}") = "fluentvalidationtestplayground", "fluentvalidationtestplayground\fluentvalidationtestplayground.csproj", "{0CFDDA70-6267-4091-9A3C-71BF1BFB56CB}"
EndProject
Global
	GlobalSection(SolutionConfigurationPlatforms) = preSolution
		Debug|Any CPU = Debug|Any CPU
		Release|Any CPU = Release|Any CPU
	EndGlobalSection
	GlobalSection(ProjectConfigurationPlatforms) = postSolution
		{0CFDDA70-6267-4091-9A3C-71BF1BFB56CB}.Debug|Any CPU.ActiveCfg = Debug|Any CPU
		{0CFDDA70-6267-4091-9A3C-71BF1BFB56CB}.Debug|Any CPU.Build.0 = Debug|Any CPU
		{0CFDDA70-6267-4091-9A3C-71BF1BFB56CB}.Release|Any CPU.ActiveCfg = Release|Any CPU
		{0CFDDA70-6267-4091-9A3C-71BF1BFB56CB}.Release|Any CPU.Build.0 = Release|Any CPU
	EndGlobalSection
	GlobalSection(SolutionProperties) = preSolution
		HideSolutionNode = FALSE
	EndGlobalSection
	GlobalSection(ExtensibilityGlobals) = postSolution
		SolutionGuid = {B5F6A6E9-7D54-417D-820C-4485A5CD9862}
	EndGlobalSection
EndGlobal
